<?xml version="1.0" encoding="utf-8"?>
<Project ToolsVersion="4.0" xmlns="http://schemas.microsoft.com/developer/msbuild/2003">
  <ItemGroup>
    <Filter Include="Source Files">
      <UniqueIdentifier>{4FC737F1-C7A5-4376-A066-2A32D752A2FF}</UniqueIdentifier>
      <Extensions>cpp;c;cc;cxx;def;odl;idl;hpj;bat;asm;asmx</Extensions>
    </Filter>
    <Filter Include="Header Files">
      <UniqueIdentifier>{93995380-89BD-4b04-88EB-625FBE52EBFB}</UniqueIdentifier>
      <Extensions>h;hh;hpp;hxx;hm;inl;inc;xsd</Extensions>
    </Filter>
    <Filter Include="Resource Files">
      <UniqueIdentifier>{67DA6AB6-F800-4c08-8B7A-83BB121AAD01}</UniqueIdentifier>
      <Extensions>rc;ico;cur;bmp;dlg;rc2;rct;bin;rgs;gif;jpg;jpeg;jpe;resx;tiff;tif;png;wav;mfcribbon-ms</Extensions>
    </Filter>
  </ItemGroup>
  <ItemGroup>
    <ClCompile Include="src\algebra.c">
      <Filter>Source Files</Filter>
    </ClCompile>
    <ClCompile Include="src\application.c">
      <Filter>Source Files</Filter>
    </ClCompile>
    <ClCompile Include="src\aspectsystem.c">
      <Filter>Source Files</Filter>
    </ClCompile>
    <ClCompile Include="src\bulletcontrollercomponent.c">
      <Filter>Source Files</Filter>
    </ClCompile>
    <ClCompile Include="src\bulletcontrollersystem.c">
      <Filter>Source Files</Filter>
    </ClCompile>
    <ClCompile Include="src\camera.c">
      <Filter>Source Files</Filter>
    </ClCompile>
    <ClCompile Include="src\controllercomponent.c">
      <Filter>Source Files</Filter>
    </ClCompile>
    <ClCompile Include="src\controllersystem.c">
      <Filter>Source Files</Filter>
    </ClCompile>
    <ClCompile Include="src\debug.c">
      <Filter>Source Files</Filter>
    </ClCompile>
    <ClCompile Include="src\dict.c">
      <Filter>Source Files</Filter>
    </ClCompile>
    <ClCompile Include="src\entity.c">
      <Filter>Source Files</Filter>
    </ClCompile>
    <ClCompile Include="src\entityfactory.c">
      <Filter>Source Files</Filter>
    </ClCompile>
    <ClCompile Include="src\entitymanager.c">
      <Filter>Source Files</Filter>
    </ClCompile>
    <ClCompile Include="src\game.c">
      <Filter>Source Files</Filter>
    </ClCompile>
    <ClCompile Include="src\gametime.c">
      <Filter>Source Files</Filter>
    </ClCompile>
    <ClCompile Include="src\globals.c">
      <Filter>Source Files</Filter>
    </ClCompile>
    <ClCompile Include="src\gravitycomponent.c">
      <Filter>Source Files</Filter>
    </ClCompile>
    <ClCompile Include="src\gravitysystem.c">
      <Filter>Source Files</Filter>
    </ClCompile>
    <ClCompile Include="src\hashset.c">
      <Filter>Source Files</Filter>
    </ClCompile>
    <ClCompile Include="src\hashtable.c">
      <Filter>Source Files</Filter>
    </ClCompile>
    <ClCompile Include="src\healthcomponent.c">
      <Filter>Source Files</Filter>
    </ClCompile>
    <ClCompile Include="src\healthsystem.c">
      <Filter>Source Files</Filter>
    </ClCompile>
    <ClCompile Include="src\input.c">
      <Filter>Source Files</Filter>
    </ClCompile>
    <ClCompile Include="src\log.c">
      <Filter>Source Files</Filter>
    </ClCompile>
    <ClCompile Include="src\main.c">
      <Filter>Source Files</Filter>
    </ClCompile>
    <ClCompile Include="src\movementcomponent.c">
      <Filter>Source Files</Filter>
    </ClCompile>
    <ClCompile Include="src\movementsystem.c">
      <Filter>Source Files</Filter>
    </ClCompile>
    <ClCompile Include="src\spritecomponent.c">
      <Filter>Source Files</Filter>
    </ClCompile>
    <ClCompile Include="src\spritesystem.c">
      <Filter>Source Files</Filter>
    </ClCompile>
    <ClCompile Include="src\transformcomponent.c">
      <Filter>Source Files</Filter>
    </ClCompile>
    <ClCompile Include="src\vector.c">
      <Filter>Source Files</Filter>
    </ClCompile>
    <ClCompile Include="src\window.c">
      <Filter>Source Files</Filter>
    </ClCompile>
    <ClCompile Include="src\stackallocator.c">
      <Filter>Source Files</Filter>
    </ClCompile>
    <ClCompile Include="src\texturemanager.c">
      <Filter>Source Files</Filter>
    </ClCompile>
    <ClCompile Include="src\bgmanagercomponent.c">
      <Filter>Source Files</Filter>
    </ClCompile>
    <ClCompile Include="src\bgmanagersystem.c">
      <Filter>Source Files</Filter>
    </ClCompile>
    <ClCompile Include="src\enemycomponent.c">
      <Filter>Source Files</Filter>
    </ClCompile>
    <ClCompile Include="src\enemysystem.c">
      <Filter>Source Files</Filter>
    </ClCompile>
    <ClCompile Include="src\collidercomponent.c">
      <Filter>Source Files</Filter>
    </ClCompile>
    <ClCompile Include="src\component.c">
      <Filter>Source Files</Filter>
    </ClCompile>
    <ClCompile Include="src\list.c">
      <Filter>Source Files</Filter>
    </ClCompile>
  </ItemGroup>
  <ItemGroup>
    <ClInclude Include="src\window.h">
      <Filter>Header Files</Filter>
    </ClInclude>
    <ClInclude Include="src\vector.h">
      <Filter>Header Files</Filter>
    </ClInclude>
    <ClInclude Include="src\types.h">
      <Filter>Header Files</Filter>
    </ClInclude>
    <ClInclude Include="src\transformcomponent.h">
      <Filter>Header Files</Filter>
    </ClInclude>
    <ClInclude Include="src\systems.h">
      <Filter>Header Files</Filter>
    </ClInclude>
    <ClInclude Include="src\spritesystem.h">
      <Filter>Header Files</Filter>
    </ClInclude>
    <ClInclude Include="src\spritecomponent.h">
      <Filter>Header Files</Filter>
    </ClInclude>
    <ClInclude Include="src\movementsystem.h">
      <Filter>Header Files</Filter>
    </ClInclude>
    <ClInclude Include="src\movementcomponent.h">
      <Filter>Header Files</Filter>
    </ClInclude>
    <ClInclude Include="src\log.h">
      <Filter>Header Files</Filter>
    </ClInclude>
    <ClInclude Include="src\input.h">
      <Filter>Header Files</Filter>
    </ClInclude>
    <ClInclude Include="src\healthsystem.h">
      <Filter>Header Files</Filter>
    </ClInclude>
    <ClInclude Include="src\healthcomponent.h">
      <Filter>Header Files</Filter>
    </ClInclude>
    <ClInclude Include="src\hashtable.h">
      <Filter>Header Files</Filter>
    </ClInclude>
    <ClInclude Include="src\hashset.h">
      <Filter>Header Files</Filter>
    </ClInclude>
    <ClInclude Include="src\gravitysystem.h">
      <Filter>Header Files</Filter>
    </ClInclude>
    <ClInclude Include="src\gravitycomponent.h">
      <Filter>Header Files</Filter>
    </ClInclude>
    <ClInclude Include="src\globals.h">
      <Filter>Header Files</Filter>
    </ClInclude>
    <ClInclude Include="src\gametime.h">
      <Filter>Header Files</Filter>
    </ClInclude>
    <ClInclude Include="src\game.h">
      <Filter>Header Files</Filter>
    </ClInclude>
    <ClInclude Include="src\entitymanager.h">
      <Filter>Header Files</Filter>
    </ClInclude>
    <ClInclude Include="src\entityfactory.h">
      <Filter>Header Files</Filter>
    </ClInclude>
    <ClInclude Include="src\entity.h">
      <Filter>Header Files</Filter>
    </ClInclude>
    <ClInclude Include="src\dict.h">
      <Filter>Header Files</Filter>
    </ClInclude>
    <ClInclude Include="src\debug.h">
      <Filter>Header Files</Filter>
    </ClInclude>
    <ClInclude Include="src\core.h">
      <Filter>Header Files</Filter>
    </ClInclude>
    <ClInclude Include="src\controllersystem.h">
      <Filter>Header Files</Filter>
    </ClInclude>
    <ClInclude Include="src\controllercomponent.h">
      <Filter>Header Files</Filter>
    </ClInclude>
    <ClInclude Include="src\components.h">
      <Filter>Header Files</Filter>
    </ClInclude>
    <ClInclude Include="src\component.h">
      <Filter>Header Files</Filter>
    </ClInclude>
    <ClInclude Include="src\camera.h">
      <Filter>Header Files</Filter>
    </ClInclude>
    <ClInclude Include="src\bulletcontrollersystem.h">
      <Filter>Header Files</Filter>
    </ClInclude>
    <ClInclude Include="src\bulletcontrollercomponent.h">
      <Filter>Header Files</Filter>
    </ClInclude>
    <ClInclude Include="src\aspectsystem.h">
      <Filter>Header Files</Filter>
    </ClInclude>
    <ClInclude Include="src\application.h">
      <Filter>Header Files</Filter>
    </ClInclude>
    <ClInclude Include="src\algebra.h">
      <Filter>Header Files</Filter>
    </ClInclude>
    <ClInclude Include="src\stackallocator.h">
      <Filter>Header Files</Filter>
    </ClInclude>
    <ClInclude Include="src\texturemanager.h">
      <Filter>Header Files</Filter>
    </ClInclude>
    <ClInclude Include="src\bgmanagercomponent.h">
      <Filter>Header Files</Filter>
    </ClInclude>
    <ClInclude Include="src\bgmanagersystem.h">
      <Filter>Header Files</Filter>
    </ClInclude>
    <ClInclude Include="src\enemycomponent.h">
      <Filter>Header Files</Filter>
    </ClInclude>
    <ClInclude Include="src\enemysystem.h">
      <Filter>Header Files</Filter>
    </ClInclude>
    <ClInclude Include="src\collidercomponent.h">
      <Filter>Header Files</Filter>
    </ClInclude>
    <ClInclude Include="src\messaging.h">
      <Filter>Header Files</Filter>
    </ClInclude>
    <ClInclude Include="src\list.h">
      <Filter>Header Files</Filter>
    </ClInclude>
  </ItemGroup>
</Project>